// !$*UTF8*$!
{
	archiveVersion = 1;
	classes = {
	};
	objectVersion = 46;
	objects = {

/* Begin PBXBuildFile section */
		18DE0D7F1A415BA100B866A5 /* main.m in Sources */ = {isa = PBXBuildFile; fileRef = 18DE0D7E1A415BA100B866A5 /* main.m */; };
		18DE0D821A415BA100B866A5 /* AppDelegate.m in Sources */ = {isa = PBXBuildFile; fileRef = 18DE0D811A415BA100B866A5 /* AppDelegate.m */; };
		18DE0D851A415BA100B866A5 /* ViewController.m in Sources */ = {isa = PBXBuildFile; fileRef = 18DE0D841A415BA100B866A5 /* ViewController.m */; };
		18DE0D881A415BA100B866A5 /* Main.storyboard in Resources */ = {isa = PBXBuildFile; fileRef = 18DE0D861A415BA100B866A5 /* Main.storyboard */; };
		18DE0D8A1A415BA100B866A5 /* Images.xcassets in Resources */ = {isa = PBXBuildFile; fileRef = 18DE0D891A415BA100B866A5 /* Images.xcassets */; };
		18DE0D8D1A415BA100B866A5 /* LaunchScreen.xib in Resources */ = {isa = PBXBuildFile; fileRef = 18DE0D8B1A415BA100B866A5 /* LaunchScreen.xib */; };
		18DE0D991A415BA100B866A5 /* B01_______Tests.m in Sources */ = {isa = PBXBuildFile; fileRef = 18DE0D981A415BA100B866A5 /* B01_______Tests.m */; };
		18DE0DA31A415BC300B866A5 /* cars_total.plist in Resources */ = {isa = PBXBuildFile; fileRef = 18DE0DA21A415BC300B866A5 /* cars_total.plist */; };
		18DE0DA61A415CC000B866A5 /* CZCar.m in Sources */ = {isa = PBXBuildFile; fileRef = 18DE0DA51A415CC000B866A5 /* CZCar.m */; };
		18DE0DA91A415D3B00B866A5 /* CZCarGroup.m in Sources */ = {isa = PBXBuildFile; fileRef = 18DE0DA81A415D3B00B866A5 /* CZCarGroup.m */; };
/* End PBXBuildFile section */

/* Begin PBXContainerItemProxy section */
		18DE0D931A415BA100B866A5 /* PBXContainerItemProxy */ = {
			isa = PBXContainerItemProxy;
			containerPortal = 18DE0D711A415BA000B866A5 /* Project object */;
			proxyType = 1;
			remoteGlobalIDString = 18DE0D781A415BA000B866A5;
			remoteInfo = "B01-汽车分组升级";
		};
/* End PBXContainerItemProxy section */

/* Begin PBXFileReference section */
		18DE0D791A415BA000B866A5 /* B01-汽车分组升级.app */ = {isa = PBXFileReference; explicitFileType = wrapper.application; includeInIndex = 0; path = "B01-汽车分组升级.app"; sourceTree = BUILT_PRODUCTS_DIR; };
		18DE0D7D1A415BA000B866A5 /* Info.plist */ = {isa = PBXFileReference; lastKnownFileType = text.plist.xml; path = Info.plist; sourceTree = "<group>"; };
		18DE0D7E1A415BA100B866A5 /* main.m */ = {isa = PBXFileReference; lastKnownFileType = sourcecode.c.objc; path = main.m; sourceTree = "<group>"; };
		18DE0D801A415BA100B866A5 /* AppDelegate.h */ = {isa = PBXFileReference; lastKnownFileType = sourcecode.c.h; path = AppDelegate.h; sourceTree = "<group>"; };
		18DE0D811A415BA100B866A5 /* AppDelegate.m */ = {isa = PBXFileReference; lastKnownFileType = sourcecode.c.objc; path = AppDelegate.m; sourceTree = "<group>"; };
		18DE0D831A415BA100B866A5 /* ViewController.h */ = {isa = PBXFileReference; lastKnownFileType = sourcecode.c.h; path = ViewController.h; sourceTree = "<group>"; };
		18DE0D841A415BA100B866A5 /* ViewController.m */ = {isa = PBXFileReference; lastKnownFileType = sourcecode.c.objc; path = ViewController.m; sourceTree = "<group>"; };
		18DE0D871A415BA100B866A5 /* Base */ = {isa = PBXFileReference; lastKnownFileType = file.storyboard; name = Base; path = Base.lproj/Main.storyboard; sourceTree = "<group>"; };
		18DE0D891A415BA100B866A5 /* Images.xcassets */ = {isa = PBXFileReference; lastKnownFileType = folder.assetcatalog; path = Images.xcassets; sourceTree = "<group>"; };
		18DE0D8C1A415BA100B866A5 /* Base */ = {isa = PBXFileReference; lastKnownFileType = file.xib; name = Base; path = Base.lproj/LaunchScreen.xib; sourceTree = "<group>"; };
		18DE0D921A415BA100B866A5 /* B01-汽车分组升级Tests.xctest */ = {isa = PBXFileReference; explicitFileType = wrapper.cfbundle; includeInIndex = 0; path = "B01-汽车分组升级Tests.xctest"; sourceTree = BUILT_PRODUCTS_DIR; };
		18DE0D971A415BA100B866A5 /* Info.plist */ = {isa = PBXFileReference; lastKnownFileType = text.plist.xml; path = Info.plist; sourceTree = "<group>"; };
		18DE0D981A415BA100B866A5 /* B01_______Tests.m */ = {isa = PBXFileReference; lastKnownFileType = sourcecode.c.objc; path = "B01_______Tests.m"; sourceTree = "<group>"; };
		18DE0DA21A415BC300B866A5 /* cars_total.plist */ = {isa = PBXFileReference; fileEncoding = 4; lastKnownFileType = text.plist.xml; path = cars_total.plist; sourceTree = "<group>"; };
		18DE0DA41A415CC000B866A5 /* CZCar.h */ = {isa = PBXFileReference; fileEncoding = 4; lastKnownFileType = sourcecode.c.h; path = CZCar.h; sourceTree = "<group>"; };
		18DE0DA51A415CC000B866A5 /* CZCar.m */ = {isa = PBXFileReference; fileEncoding = 4; lastKnownFileType = sourcecode.c.objc; path = CZCar.m; sourceTree = "<group>"; };
		18DE0DA71A415D3B00B866A5 /* CZCarGroup.h */ = {isa = PBXFileReference; fileEncoding = 4; lastKnownFileType = sourcecode.c.h; path = CZCarGroup.h; sourceTree = "<group>"; };
		18DE0DA81A415D3B00B866A5 /* CZCarGroup.m */ = {isa = PBXFileReference; fileEncoding = 4; lastKnownFileType = sourcecode.c.objc; path = CZCarGroup.m; sourceTree = "<group>"; };
/* End PBXFileReference section */

/* Begin PBXFrameworksBuildPhase section */
		18DE0D761A415BA000B866A5 /* Frameworks */ = {
			isa = PBXFrameworksBuildPhase;
			buildActionMask = 2147483647;
			files = (
			);
			runOnlyForDeploymentPostprocessing = 0;
		};
		18DE0D8F1A415BA100B866A5 /* Frameworks */ = {
			isa = PBXFrameworksBuildPhase;
			buildActionMask = 2147483647;
			files = (
			);
			runOnlyForDeploymentPostprocessing = 0;
		};
/* End PBXFrameworksBuildPhase section */

/* Begin PBXGroup section */
		18DE0D701A415BA000B866A5 = {
			isa = PBXGroup;
			children = (
				18DE0D7B1A415BA000B866A5 /* B01-汽车分组升级 */,
				18DE0D951A415BA100B866A5 /* B01-汽车分组升级Tests */,
				18DE0D7A1A415BA000B866A5 /* Products */,
			);
			sourceTree = "<group>";
		};
		18DE0D7A1A415BA000B866A5 /* Products */ = {
			isa = PBXGroup;
			children = (
				18DE0D791A415BA000B866A5 /* B01-汽车分组升级.app */,
				18DE0D921A415BA100B866A5 /* B01-汽车分组升级Tests.xctest */,
			);
			name = Products;
			sourceTree = "<group>";
		};
		18DE0D7B1A415BA000B866A5 /* B01-汽车分组升级 */ = {
			isa = PBXGroup;
			children = (
				18DE0D801A415BA100B866A5 /* AppDelegate.h */,
				18DE0D811A415BA100B866A5 /* AppDelegate.m */,
				18DE0D831A415BA100B866A5 /* ViewController.h */,
				18DE0D841A415BA100B866A5 /* ViewController.m */,
				18DE0D861A415BA100B866A5 /* Main.storyboard */,
				18DE0D891A415BA100B866A5 /* Images.xcassets */,
				18DE0D8B1A415BA100B866A5 /* LaunchScreen.xib */,
				18DE0DA41A415CC000B866A5 /* CZCar.h */,
				18DE0DA51A415CC000B866A5 /* CZCar.m */,
				18DE0DA71A415D3B00B866A5 /* CZCarGroup.h */,
				18DE0DA81A415D3B00B866A5 /* CZCarGroup.m */,
				18DE0D7C1A415BA000B866A5 /* Supporting Files */,
			);
			path = "B01-汽车分组升级";
			sourceTree = "<group>";
		};
		18DE0D7C1A415BA000B866A5 /* Supporting Files */ = {
			isa = PBXGroup;
			children = (
				18DE0DA21A415BC300B866A5 /* cars_total.plist */,
				18DE0D7D1A415BA000B866A5 /* Info.plist */,
				18DE0D7E1A415BA100B866A5 /* main.m */,
			);
			name = "Supporting Files";
			sourceTree = "<group>";
		};
		18DE0D951A415BA100B866A5 /* B01-汽车分组升级Tests */ = {
			isa = PBXGroup;
			children = (
				18DE0D981A415BA100B866A5 /* B01_______Tests.m */,
				18DE0D961A415BA100B866A5 /* Supporting Files */,
			);
			path = "B01-汽车分组升级Tests";
			sourceTree = "<group>";
		};
		18DE0D961A415BA100B866A5 /* Supporting Files */ = {
			isa = PBXGroup;
			children = (
				18DE0D971A415BA100B866A5 /* Info.plist */,
			);
			name = "Supporting Files";
			sourceTree = "<group>";
		};
/* End PBXGroup section */

/* Begin PBXNativeTarget section */
		18DE0D781A415BA000B866A5 /* B01-汽车分组升级 */ = {
			isa = PBXNativeTarget;
			buildConfigurationList = 18DE0D9C1A415BA100B866A5 /* Build configuration list for PBXNativeTarget "B01-汽车分组升级" */;
			buildPhases = (
				18DE0D751A415BA000B866A5 /* Sources */,
				18DE0D761A415BA000B866A5 /* Frameworks */,
				18DE0D771A415BA000B866A5 /* Resources */,
			);
			buildRules = (
			);
			dependencies = (
			);
			name = "B01-汽车分组升级";
			productName = "B01-汽车分组升级";
			productReference = 18DE0D791A415BA000B866A5 /* B01-汽车分组升级.app */;
			productType = "com.apple.product-type.application";
		};
		18DE0D911A415BA100B866A5 /* B01-汽车分组升级Tests */ = {
			isa = PBXNativeTarget;
			buildConfigurationList = 18DE0D9F1A415BA100B866A5 /* Build configuration list for PBXNativeTarget "B01-汽车分组升级Tests" */;
			buildPhases = (
				18DE0D8E1A415BA100B866A5 /* Sources */,
				18DE0D8F1A415BA100B866A5 /* Frameworks */,
				18DE0D901A415BA100B866A5 /* Resources */,
			);
			buildRules = (
			);
			dependencies = (
				18DE0D941A415BA100B866A5 /* PBXTargetDependency */,
			);
			name = "B01-汽车分组升级Tests";
			productName = "B01-汽车分组升级Tests";
			productReference = 18DE0D921A415BA100B866A5 /* B01-汽车分组升级Tests.xctest */;
			productType = "com.apple.product-type.bundle.unit-test";
		};
/* End PBXNativeTarget section */

/* Begin PBXProject section */
		18DE0D711A415BA000B866A5 /* Project object */ = {
			isa = PBXProject;
			attributes = {
				LastUpgradeCheck = 0610;
				ORGANIZATIONNAME = itcast;
				TargetAttributes = {
					18DE0D781A415BA000B866A5 = {
						CreatedOnToolsVersion = 6.1;
					};
					18DE0D911A415BA100B866A5 = {
						CreatedOnToolsVersion = 6.1;
						TestTargetID = 18DE0D781A415BA000B866A5;
					};
				};
			};
			buildConfigurationList = 18DE0D741A415BA000B866A5 /* Build configuration list for PBXProject "B01-汽车分组升级" */;
			compatibilityVersion = "Xcode 3.2";
			developmentRegion = English;
			hasScannedForEncodings = 0;
			knownRegions = (
				en,
				Base,
			);
			mainGroup = 18DE0D701A415BA000B866A5;
			productRefGroup = 18DE0D7A1A415BA000B866A5 /* Products */;
			projectDirPath = "";
			projectRoot = "";
			targets = (
				18DE0D781A415BA000B866A5 /* B01-汽车分组升级 */,
				18DE0D911A415BA100B866A5 /* B01-汽车分组升级Tests */,
			);
		};
/* End PBXProject section */

/* Begin PBXResourcesBuildPhase section */
		18DE0D771A415BA000B866A5 /* Resources */ = {
			isa = PBXResourcesBuildPhase;
			buildActionMask = 2147483647;
			files = (
				18DE0D881A415BA100B866A5 /* Main.storyboard in Resources */,
				18DE0D8D1A415BA100B866A5 /* LaunchScreen.xib in Resources */,
				18DE0DA31A415BC300B866A5 /* cars_total.plist in Resources */,
				18DE0D8A1A415BA100B866A5 /* Images.xcassets in Resources */,
			);
			runOnlyForDeploymentPostprocessing = 0;
		};
		18DE0D901A415BA100B866A5 /* Resources */ = {
			isa = PBXResourcesBuildPhase;
			buildActionMask = 2147483647;
			files = (
			);
			runOnlyForDeploymentPostprocessing = 0;
		};
/* End PBXResourcesBuildPhase section */

/* Begin PBXSourcesBuildPhase section */
		18DE0D751A415BA000B866A5 /* Sources */ = {
			isa = PBXSourcesBuildPhase;
			buildActionMask = 2147483647;
			files = (
				18DE0D851A415BA100B866A5 /* ViewController.m in Sources */,
				18DE0DA91A415D3B00B866A5 /* CZCarGroup.m in Sources */,
				18DE0DA61A415CC000B866A5 /* CZCar.m in Sources */,
				18DE0D821A415BA100B866A5 /* AppDelegate.m in Sources */,
				18DE0D7F1A415BA100B866A5 /* main.m in Sources */,
			);
			runOnlyForDeploymentPostprocessing = 0;
		};
		18DE0D8E1A415BA100B866A5 /* Sources */ = {
			isa = PBXSourcesBuildPhase;
			buildActionMask = 2147483647;
			files = (
				18DE0D991A415BA100B866A5 /* B01_______Tests.m in Sources */,
			);
			runOnlyForDeploymentPostprocessing = 0;
		};
/* End PBXSourcesBuildPhase section */

/* Begin PBXTargetDependency section */
		18DE0D941A415BA100B866A5 /* PBXTargetDependency */ = {
			isa = PBXTargetDependency;
			target = 18DE0D781A415BA000B866A5 /* B01-汽车分组升级 */;
			targetProxy = 18DE0D931A415BA100B866A5 /* PBXContainerItemProxy */;
		};
/* End PBXTargetDependency section */

/* Begin PBXVariantGroup section */
		18DE0D861A415BA100B866A5 /* Main.storyboard */ = {
			isa = PBXVariantGroup;
			children = (
				18DE0D871A415BA100B866A5 /* Base */,
			);
			name = Main.storyboard;
			sourceTree = "<group>";
		};
		18DE0D8B1A415BA100B866A5 /* LaunchScreen.xib */ = {
			isa = PBXVariantGroup;
			children = (
				18DE0D8C1A415BA100B866A5 /* Base */,
			);
			name = LaunchScreen.xib;
			sourceTree = "<group>";
		};
/* End PBXVariantGroup section */

/* Begin XCBuildConfiguration section */
		18DE0D9A1A415BA100B866A5 /* Debug */ = {
			isa = XCBuildConfiguration;
			buildSettings = {
				ALWAYS_SEARCH_USER_PATHS = NO;
				CLANG_CXX_LANGUAGE_STANDARD = "gnu++0x";
				CLANG_CXX_LIBRARY = "libc++";
				CLANG_ENABLE_MODULES = YES;
				CLANG_ENABLE_OBJC_ARC = YES;
				CLANG_WARN_BOOL_CONVERSION = YES;
				CLANG_WARN_CONSTANT_CONVERSION = YES;
				CLANG_WARN_DIRECT_OBJC_ISA_USAGE = YES_ERROR;
				CLANG_WARN_EMPTY_BODY = YES;
				CLANG_WARN_ENUM_CONVERSION = YES;
				CLANG_WARN_INT_CONVERSION = YES;
				CLANG_WARN_OBJC_ROOT_CLASS = YES_ERROR;
				CLANG_WARN_UNREACHABLE_CODE = YES;
				CLANG_WARN__DUPLICATE_METHOD_MATCH = YES;
				"CODE_SIGN_IDENTITY[sdk=iphoneos*]" = "iPhone Developer";
				COPY_PHASE_STRIP = NO;
				ENABLE_STRICT_OBJC_MSGSEND = YES;
				GCC_C_LANGUAGE_STANDARD = gnu99;
				GCC_DYNAMIC_NO_PIC = NO;
				GCC_OPTIMIZATION_LEVEL = 0;
				GCC_PREPROCESSOR_DEFINITIONS = (
					"DEBUG=1",
					"$(inherited)",
				);
				GCC_SYMBOLS_PRIVATE_EXTERN = NO;
				GCC_WARN_64_TO_32_BIT_CONVERSION = YES;
				GCC_WARN_ABOUT_RETURN_TYPE = YES_ERROR;
				GCC_WARN_UNDECLARED_SELECTOR = YES;
				GCC_WARN_UNINITIALIZED_AUTOS = YES_AGGRESSIVE;
				GCC_WARN_UNUSED_FUNCTION = YES;
				GCC_WARN_UNUSED_VARIABLE = YES;
				IPHONEOS_DEPLOYMENT_TARGET = 8.1;
				MTL_ENABLE_DEBUG_INFO = YES;
				ONLY_ACTIVE_ARCH = YES;
				SDKROOT = iphoneos;
			};
			name = Debug;
		};
		18DE0D9B1A415BA100B866A5 /* Release */ = {
			isa = XCBuildConfiguration;
			buildSettings = {
				ALWAYS_SEARCH_USER_PATHS = NO;
				CLANG_CXX_LANGUAGE_STANDARD = "gnu++0x";
				CLANG_CXX_LIBRARY = "libc++";
				CLANG_ENABLE_MODULES = YES;
				CLANG_ENABLE_OBJC_ARC = YES;
				CLANG_WARN_BOOL_CONVERSION = YES;
				CLANG_WARN_CONSTANT_CONVERSION = YES;
				CLANG_WARN_DIRECT_OBJC_ISA_USAGE = YES_ERROR;
				CLANG_WARN_EMPTY_BODY = YES;
				CLANG_WARN_ENUM_CONVERSION = YES;
				CLANG_WARN_INT_CONVERSION = YES;
				CLANG_WARN_OBJC_ROOT_CLASS = YES_ERROR;
				CLANG_WARN_UNREACHABLE_CODE = YES;
				CLANG_WARN__DUPLICATE_METHOD_MATCH = YES;
				"CODE_SIGN_IDENTITY[sdk=iphoneos*]" = "iPhone Developer";
				COPY_PHASE_STRIP = YES;
				ENABLE_NS_ASSERTIONS = NO;
				ENABLE_STRICT_OBJC_MSGSEND = YES;
				GCC_C_LANGUAGE_STANDARD = gnu99;
				GCC_WARN_64_TO_32_BIT_CONVERSION = YES;
				GCC_WARN_ABOUT_RETURN_TYPE = YES_ERROR;
				GCC_WARN_UNDECLARED_SELECTOR = YES;
				GCC_WARN_UNINITIALIZED_AUTOS = YES_AGGRESSIVE;
				GCC_WARN_UNUSED_FUNCTION = YES;
				GCC_WARN_UNUSED_VARIABLE = YES;
				IPHONEOS_DEPLOYMENT_TARGET = 8.1;
				MTL_ENABLE_DEBUG_INFO = NO;
				SDKROOT = iphoneos;
				VALIDATE_PRODUCT = YES;
			};
			name = Release;
		};
		18DE0D9D1A415BA100B866A5 /* Debug */ = {
			isa = XCBuildConfiguration;
			buildSettings = {
				ASSETCATALOG_COMPILER_APPICON_NAME = AppIcon;
				INFOPLIST_FILE = "B01-汽车分组升级/Info.plist";
				LD_RUNPATH_SEARCH_PATHS = "$(inherited) @executable_path/Frameworks";
				PRODUCT_NAME = "$(TARGET_NAME)";
			};
			name = Debug;
		};
		18DE0D9E1A415BA100B866A5 /* Release */ = {
			isa = XCBuildConfiguration;
			buildSettings = {
				ASSETCATALOG_COMPILER_APPICON_NAME = AppIcon;
				INFOPLIST_FILE = "B01-汽车分组升级/Info.plist";
				LD_RUNPATH_SEARCH_PATHS = "$(inherited) @executable_path/Frameworks";
				PRODUCT_NAME = "$(TARGET_NAME)";
			};
			name = Release;
		};
		18DE0DA01A415BA100B866A5 /* Debug */ = {
			isa = XCBuildConfiguration;
			buildSettings = {
				BUNDLE_LOADER = "$(TEST_HOST)";
				FRAMEWORK_SEARCH_PATHS = (
					"$(SDKROOT)/Developer/Library/Frameworks",
					"$(inherited)",
				);
				GCC_PREPROCESSOR_DEFINITIONS = (
					"DEBUG=1",
					"$(inherited)",
				);
				INFOPLIST_FILE = "B01-汽车分组升级Tests/Info.plist";
				LD_RUNPATH_SEARCH_PATHS = "$(inherited) @executable_path/Frameworks @loader_path/Frameworks";
				PRODUCT_NAME = "$(TARGET_NAME)";
				TEST_HOST = "$(BUILT_PRODUCTS_DIR)/B01-汽车分组升级.app/B01-汽车分组升级";
			};
			name = Debug;
		};
		18DE0DA11A415BA100B866A5 /* Release */ = {
			isa = XCBuildConfiguration;
			buildSettings = {
				BUNDLE_LOADER = "$(TEST_HOST)";
				FRAMEWORK_SEARCH_PATHS = (
					"$(SDKROOT)/Developer/Library/Frameworks",
					"$(inherited)",
				);
				INFOPLIST_FILE = "B01-汽车分组升级Tests/Info.plist";
				LD_RUNPATH_SEARCH_PATHS = "$(inherited) @executable_path/Frameworks @loader_path/Frameworks";
				PRODUCT_NAME = "$(TARGET_NAME)";
				TEST_HOST = "$(BUILT_PRODUCTS_DIR)/B01-汽车分组升级.app/B01-汽车分组升级";
			};
			name = Release;
		};
/* End XCBuildConfiguration section */

/* Begin XCConfigurationList section */
		18DE0D741A415BA000B866A5 /* Build configuration list for PBXProject "B01-汽车分组升级" */ = {
			isa = XCConfigurationList;
			buildConfigurations = (
				18DE0D9A1A415BA100B866A5 /* Debug */,
				18DE0D9B1A415BA100B866A5 /* Release */,
			);
			defaultConfigurationIsVisible = 0;
			defaultConfigurationName = Release;
		};
		18DE0D9C1A415BA100B866A5 /* Build configuration list for PBXNativeTarget "B01-汽车分组升级" */ = {
			isa = XCConfigurationList;
			buildConfigurations = (
				18DE0D9D1A415BA100B866A5 /* Debug */,
				18DE0D9E1A415BA100B866A5 /* Release */,
			);
			defaultConfigurationIsVisible = 0;
		};
		18DE0D9F1A415BA100B866A5 /* Build configuration list for PBXNativeTarget "B01-汽车分组升级Tests" */ = {
			isa = XCConfigurationList;
			buildConfigurations = (
				18DE0DA01A415BA100B866A5 /* Debug */,
				18DE0DA11A415BA100B866A5 /* Release */,
			);
			defaultConfigurationIsVisible = 0;
		};
/* End XCConfigurationList section */
	};
	rootObject = 18DE0D711A415BA000B866A5 /* Project object */;
}
